<?xml version="1.0" encoding="utf-8"?>
<Project ToolsVersion="4.0" xmlns="http://schemas.microsoft.com/developer/msbuild/2003">
  <ItemGroup>
    <Filter Include="98.Headers">
      <UniqueIdentifier>{82891dfa-bbea-44fa-b3c3-eb3b81b95786}</UniqueIdentifier>
    </Filter>
    <Filter Include="99.Default">
      <UniqueIdentifier>{632324ea-b366-4764-9e0a-e630d204f009}</UniqueIdentifier>
    </Filter>
    <Filter Include="00.Maingame">
      <UniqueIdentifier>{6676e2ce-6b58-4d21-a7e4-2b666bf4e144}</UniqueIdentifier>
    </Filter>
    <Filter Include="01.GameObject">
      <UniqueIdentifier>{c48bf8de-4daa-4057-b490-9495efbd2c86}</UniqueIdentifier>
    </Filter>
    <Filter Include="01.GameObject\00.Player">
      <UniqueIdentifier>{5d2ac3d9-109a-420e-8be4-c6122ac43e88}</UniqueIdentifier>
    </Filter>
    <Filter Include="01.GameObject\01.Bullet">
      <UniqueIdentifier>{c75c9d60-7564-410e-836c-d505201d2de5}</UniqueIdentifier>
    </Filter>
    <Filter Include="01.GameObject\02.Monster">
      <UniqueIdentifier>{40f4ace4-8ce7-4964-857c-a3cdda14f474}</UniqueIdentifier>
    </Filter>
    <Filter Include="97.Managers">
      <UniqueIdentifier>{4907189a-697e-452c-8888-2996776fc849}</UniqueIdentifier>
    </Filter>
    <Filter Include="97.Managers\00.AbstractFactory">
      <UniqueIdentifier>{2e27d6ec-ac81-468e-a5c6-735abbd8e968}</UniqueIdentifier>
    </Filter>
    <Filter Include="97.Managers\01.CollsionMgr">
      <UniqueIdentifier>{512ec8eb-a49e-4423-a5db-8a02875ae997}</UniqueIdentifier>
    </Filter>
    <Filter Include="01.GameObject\03.Stage">
      <UniqueIdentifier>{af03ffae-80cd-41df-8738-3e5c3ea59f97}</UniqueIdentifier>
    </Filter>
    <Filter Include="97.Managers\02.ResourceMgr">
      <UniqueIdentifier>{bec10d55-95fd-48f4-97b4-bf83c420e11d}</UniqueIdentifier>
    </Filter>
    <Filter Include="97.Managers\03.PathMgr">
      <UniqueIdentifier>{ebcaba24-5a47-4990-bc50-89e33efbef20}</UniqueIdentifier>
    </Filter>
  </ItemGroup>
  <ItemGroup>
    <ClInclude Include="Framework99C.h">
      <Filter>99.Default</Filter>
    </ClInclude>
    <ClInclude Include="Resource.h">
      <Filter>99.Default</Filter>
    </ClInclude>
    <ClInclude Include="stdafx.h">
      <Filter>99.Default</Filter>
    </ClInclude>
    <ClInclude Include="targetver.h">
      <Filter>99.Default</Filter>
    </ClInclude>
    <ClInclude Include="Define.h">
      <Filter>98.Headers</Filter>
    </ClInclude>
    <ClInclude Include="Maingame.h">
      <Filter>00.Maingame</Filter>
    </ClInclude>
    <ClInclude Include="Extern.h">
      <Filter>98.Headers</Filter>
    </ClInclude>
    <ClInclude Include="GameObject.h">
      <Filter>01.GameObject</Filter>
    </ClInclude>
    <ClInclude Include="Function.h">
      <Filter>98.Headers</Filter>
    </ClInclude>
    <ClInclude Include="Struct.h">
      <Filter>98.Headers</Filter>
    </ClInclude>
    <ClInclude Include="Player.h">
      <Filter>01.GameObject\00.Player</Filter>
    </ClInclude>
    <ClInclude Include="Bullet.h">
      <Filter>01.GameObject\01.Bullet</Filter>
    </ClInclude>
    <ClInclude Include="Typedef.h">
      <Filter>98.Headers</Filter>
    </ClInclude>
    <ClInclude Include="Enum.h">
      <Filter>98.Headers</Filter>
    </ClInclude>
    <ClInclude Include="Monster.h">
      <Filter>01.GameObject\02.Monster</Filter>
    </ClInclude>
    <ClInclude Include="AbstractFactory.h">
      <Filter>97.Managers\00.AbstractFactory</Filter>
    </ClInclude>
    <ClInclude Include="CollsionMgr.h">
      <Filter>97.Managers\01.CollsionMgr</Filter>
    </ClInclude>
    <ClInclude Include="Stage.h">
      <Filter>01.GameObject\03.Stage</Filter>
    </ClInclude>
    <ClInclude Include="Texture.h">
      <Filter>97.Managers\02.ResourceMgr</Filter>
    </ClInclude>
    <ClInclude Include="ResourceMgr.h">
      <Filter>97.Managers\02.ResourceMgr</Filter>
    </ClInclude>
    <ClInclude Include="PathMgr.h">
      <Filter>97.Managers\03.PathMgr</Filter>
    </ClInclude>
  </ItemGroup>
  <ItemGroup>
    <ClCompile Include="Framework99C.cpp">
      <Filter>99.Default</Filter>
    </ClCompile>
    <ClCompile Include="stdafx.cpp">
      <Filter>99.Default</Filter>
    </ClCompile>
    <ClCompile Include="Maingame.cpp">
      <Filter>00.Maingame</Filter>
    </ClCompile>
    <ClCompile Include="GameObject.cpp">
      <Filter>01.GameObject</Filter>
    </ClCompile>
    <ClCompile Include="Player.cpp">
      <Filter>01.GameObject\00.Player</Filter>
    </ClCompile>
    <ClCompile Include="Bullet.cpp">
      <Filter>01.GameObject\01.Bullet</Filter>
    </ClCompile>
    <ClCompile Include="Monster.cpp">
      <Filter>01.GameObject\02.Monster</Filter>
    </ClCompile>
    <ClCompile Include="CollsionMgr.cpp">
      <Filter>97.Managers\01.CollsionMgr</Filter>
    </ClCompile>
    <ClCompile Include="Stage.cpp">
      <Filter>01.GameObject\03.Stage</Filter>
    </ClCompile>
    <ClCompile Include="Texture.cpp">
      <Filter>97.Managers\02.ResourceMgr</Filter>
    </ClCompile>
    <ClCompile Include="ResourceMgr.cpp">
      <Filter>97.Managers\02.ResourceMgr</Filter>
    </ClCompile>
    <ClCompile Include="PathMgr.cpp">
      <Filter>97.Managers\03.PathMgr</Filter>
    </ClCompile>
  </ItemGroup>
  <ItemGroup>
    <Image Include="Framework99C.ico">
      <Filter>99.Default</Filter>
    </Image>
    <Image Include="small.ico">
      <Filter>99.Default</Filter>
    </Image>
  </ItemGroup>
  <ItemGroup>
    <ResourceCompile Include="Framework99C.rc">
      <Filter>99.Default</Filter>
    </ResourceCompile>
  </ItemGroup>
  <ItemGroup>
    <None Include="ClassDiagram.cd" />
  </ItemGroup>
</Project>